
Microsoft Visual Studio Solution File, Format Version 12.00
# Visual Studio Version 17
VisualStudioVersion = 17.3.32804.467
MinimumVisualStudioVersion = 10.0.40219.1
Project("{FAE04EC0-301F-11D3-BF4B-00C04F79EFBC}") = "au1", "au1\au1.csproj", "{4C597A08-FC4D-4381-AEF6-84AE646ED5B1}"
EndProject
Global
	GlobalSection(SolutionConfigurationPlatforms) = preSolution
		Debug|Any CPU = Debug|Any CPU
		Release|Any CPU = Release|Any CPU
	EndGlobalSection
	GlobalSection(ProjectConfigurationPlatforms) = postSolution
		{4C597A08-FC4D-4381-AEF6-84AE646ED5B1}.Debug|Any CPU.ActiveCfg = Debug|Any CPU
		{4C597A08-FC4D-4381-AEF6-84AE646ED5B1}.Debug|Any CPU.Build.0 = Debug|Any CPU
		{4C597A08-FC4D-4381-AEF6-84AE646ED5B1}.Release|Any CPU.ActiveCfg = Release|Any CPU
		{4C597A08-FC4D-4381-AEF6-84AE646ED5B1}.Release|Any CPU.Build.0 = Release|Any CPU
	EndGlobalSection
	GlobalSection(SolutionProperties) = preSolution
		HideSolutionNode = FALSE
	EndGlobalSection
	GlobalSection(ExtensibilityGlobals) = postSolution
		SolutionGuid = {A1098B92-5271-464D-AED6-5A3341286898}
	EndGlobalSection
EndGlobal
